
Microsoft Visual Studio Solution File, Format Version 12.00
# Visual Studio 15
VisualStudioVersion = 15.0.27428.2011
MinimumVisualStudioVersion = 10.0.40219.1
Project("{FAE04EC0-301F-11D3-BF4B-00C04F79EFBC}") = "LogServer", "LogServer\LogServer.csproj", "{3769D830-D4A0-40D4-A0A6-C87DFD7C3ECA}"
EndProject
Global
	GlobalSection(SolutionConfigurationPlatforms) = preSolution
		Debug|Any CPU = Debug|Any CPU
		Release|Any CPU = Release|Any CPU
	EndGlobalSection
	GlobalSection(ProjectConfigurationPlatforms) = postSolution
		{3769D830-D4A0-40D4-A0A6-C87DFD7C3ECA}.Debug|Any CPU.ActiveCfg = Debug|Any CPU
		{3769D830-D4A0-40D4-A0A6-C87DFD7C3ECA}.Debug|Any CPU.Build.0 = Debug|Any CPU
		{3769D830-D4A0-40D4-A0A6-C87DFD7C3ECA}.Release|Any CPU.ActiveCfg = Release|Any CPU
		{3769D830-D4A0-40D4-A0A6-C87DFD7C3ECA}.Release|Any CPU.Build.0 = Release|Any CPU
	EndGlobalSection
	GlobalSection(SolutionProperties) = preSolution
		HideSolutionNode = FALSE
	EndGlobalSection
	GlobalSection(ExtensibilityGlobals) = postSolution
		SolutionGuid = {63CD4392-FB4E-4FCA-A86A-1A2F88F63489}
	EndGlobalSection
EndGlobal
